<?xml version="1.0" encoding="utf-8"?>
<Project ToolsVersion="4.0" xmlns="http://schemas.microsoft.com/developer/msbuild/2003">
  <ItemGroup>
    <ClCompile Include="main.cpp" />
    <ClCompile Include="scripts\Input\Input.cpp" />
    <ClCompile Include="scripts\Lib\Lib.cpp" />
    <ClCompile Include="scripts\Object\BaseObject.cpp" />
    <ClCompile Include="scripts\Particle\Particle.cpp" />
    <ClCompile Include="scripts\Player\player.cpp" />
    <ClCompile Include="scripts\Scroll\Scroll.cpp" />
    <ClCompile Include="scripts\WindowFrame\WindowFrame.cpp" />
    <ClCompile Include="scripts\Scene\Scene.cpp" />
    <ClCompile Include="scripts\Sound\Sound.cpp" />
    <ClCompile Include="scripts\UI\UI.cpp" />
  </ItemGroup>
  <ItemGroup>
    <ClInclude Include="scripts\Input\Input.h" />
    <ClInclude Include="scripts\Lib\Lib.h" />
    <ClInclude Include="scripts\Math\Math.h" />
    <ClInclude Include="scripts\Object\BaseObject.h" />
    <ClInclude Include="scripts\Particle\Particle.h" />
    <ClInclude Include="scripts\Player\player.h" />
    <ClInclude Include="scripts\Scroll\Scroll.h" />
    <ClInclude Include="scripts\WindowFrame\WindowFrame.h" />
    <ClInclude Include="scripts\Scene\Scene.h" />
    <ClInclude Include="scripts\Sound\Sound.h" />
    <ClInclude Include="scripts\UI\UI.h" />
  </ItemGroup>
</Project>